
Microsoft Visual Studio Solution File, Format Version 12.00
# Visual Studio Version 16
VisualStudioVersion = 16.0.29123.88
MinimumVisualStudioVersion = 10.0.40219.1
Project("{FAE04EC0-301F-11D3-BF4B-00C04F79EFBC}") = "Fractal.Framework", "Fractal.Framework\Fractal.Framework.csproj", "{B22D2E2C-CBBA-4446-90CA-C907132524E3}"
EndProject
Project("{9A19103F-16F7-4668-BE54-9A1E7A4F7556}") = "Fractal.Core", "Fractal.Core\Fractal.Core.csproj", "{C4F1C023-3925-41F3-9D64-BCA41DF8CD0B}"
EndProject
Project("{FAE04EC0-301F-11D3-BF4B-00C04F79EFBC}") = "Fractal.Framework.Implement", "Fractal.Framework.Implement\Fractal.Framework.Implement.csproj", "{7B3A1687-C2C2-4C48-8AA2-3DF519E3CA40}"
EndProject
Project("{9A19103F-16F7-4668-BE54-9A1E7A4F7556}") = "Fractal.Core.Implement", "Fractal.Core.Implement\Fractal.Core.Implement.csproj", "{72D9E496-D6EC-486D-BA4C-5C904FAA5A4F}"
EndProject
Project("{2150E333-8FDC-42A3-9474-1A3956D46DE8}") = "Extensions", "Extensions", "{01144173-6B4F-4B23-93AB-42495A9092B3}"
	ProjectSection(SolutionItems) = preProject
		Extensions\ChildrenSetting.cs = Extensions\ChildrenSetting.cs
		Extensions\ChildSetting.cs = Extensions\ChildSetting.cs
		Extensions\FeatureSetting.cs = Extensions\FeatureSetting.cs
		Extensions\PathTools.cs = Extensions\PathTools.cs
		Extensions\Searchers.cs = Extensions\Searchers.cs
		Extensions\Serializer.cs = Extensions\Serializer.cs
	EndProjectSection
EndProject
Project("{2150E333-8FDC-42A3-9474-1A3956D46DE8}") = "Node", "Node", "{F10F6A76-920B-4E54-8C28-2C7EA3933818}"
	ProjectSection(SolutionItems) = preProject
		Node\INode.cs = Node\INode.cs
		Node\Node.cs = Node\Node.cs
	EndProjectSection
EndProject
Project("{2150E333-8FDC-42A3-9474-1A3956D46DE8}") = "Repository", "Repository", "{C4FE77E0-367F-4568-8389-226A769825F2}"
	ProjectSection(SolutionItems) = preProject
		Repository\Delegates.cs = Repository\Delegates.cs
		Repository\Enums.cs = Repository\Enums.cs
		Repository\Tools.cs = Repository\Tools.cs
	EndProjectSection
EndProject
Project("{2150E333-8FDC-42A3-9474-1A3956D46DE8}") = "Slave", "Slave", "{758A84FF-4679-4F32-95FE-239CC890159B}"
	ProjectSection(SolutionItems) = preProject
		Slave\ISlave.cs = Slave\ISlave.cs
		Slave\Slave.cs = Slave\Slave.cs
	EndProjectSection
EndProject
Project("{2150E333-8FDC-42A3-9474-1A3956D46DE8}") = "Designer", "Designer", "{C08E39A2-2E48-4753-A779-7DB28BF81795}"
EndProject
Project("{2150E333-8FDC-42A3-9474-1A3956D46DE8}") = "Solution Items", "Solution Items", "{CEB695AA-F4C5-4C82-A0E0-CD9C0319BB31}"
	ProjectSection(SolutionItems) = preProject
		ego.ico = ego.ico
		License.md = License.md
	EndProjectSection
EndProject
Global
	GlobalSection(SolutionConfigurationPlatforms) = preSolution
		Debug|Any CPU = Debug|Any CPU
		Release|Any CPU = Release|Any CPU
	EndGlobalSection
	GlobalSection(ProjectConfigurationPlatforms) = postSolution
		{B22D2E2C-CBBA-4446-90CA-C907132524E3}.Debug|Any CPU.ActiveCfg = Debug|Any CPU
		{B22D2E2C-CBBA-4446-90CA-C907132524E3}.Debug|Any CPU.Build.0 = Debug|Any CPU
		{B22D2E2C-CBBA-4446-90CA-C907132524E3}.Release|Any CPU.ActiveCfg = Release|Any CPU
		{B22D2E2C-CBBA-4446-90CA-C907132524E3}.Release|Any CPU.Build.0 = Release|Any CPU
		{C4F1C023-3925-41F3-9D64-BCA41DF8CD0B}.Debug|Any CPU.ActiveCfg = Debug|Any CPU
		{C4F1C023-3925-41F3-9D64-BCA41DF8CD0B}.Debug|Any CPU.Build.0 = Debug|Any CPU
		{C4F1C023-3925-41F3-9D64-BCA41DF8CD0B}.Release|Any CPU.ActiveCfg = Release|Any CPU
		{C4F1C023-3925-41F3-9D64-BCA41DF8CD0B}.Release|Any CPU.Build.0 = Release|Any CPU
		{7B3A1687-C2C2-4C48-8AA2-3DF519E3CA40}.Debug|Any CPU.ActiveCfg = Debug|Any CPU
		{7B3A1687-C2C2-4C48-8AA2-3DF519E3CA40}.Debug|Any CPU.Build.0 = Debug|Any CPU
		{7B3A1687-C2C2-4C48-8AA2-3DF519E3CA40}.Release|Any CPU.ActiveCfg = Release|Any CPU
		{7B3A1687-C2C2-4C48-8AA2-3DF519E3CA40}.Release|Any CPU.Build.0 = Release|Any CPU
		{72D9E496-D6EC-486D-BA4C-5C904FAA5A4F}.Debug|Any CPU.ActiveCfg = Debug|Any CPU
		{72D9E496-D6EC-486D-BA4C-5C904FAA5A4F}.Debug|Any CPU.Build.0 = Debug|Any CPU
		{72D9E496-D6EC-486D-BA4C-5C904FAA5A4F}.Release|Any CPU.ActiveCfg = Release|Any CPU
		{72D9E496-D6EC-486D-BA4C-5C904FAA5A4F}.Release|Any CPU.Build.0 = Release|Any CPU
	EndGlobalSection
	GlobalSection(SolutionProperties) = preSolution
		HideSolutionNode = FALSE
	EndGlobalSection
	GlobalSection(ExtensibilityGlobals) = postSolution
		SolutionGuid = {F2A30D8E-EFE8-47EF-AA2D-316B3CB9FB7B}
	EndGlobalSection
EndGlobal
